<?xml version="1.0" encoding="utf-8"?>
<Project ToolsVersion="4.0" xmlns="http://schemas.microsoft.com/developer/msbuild/2003">
  <ItemGroup>
    <FxCompile Include="Shader\BloomPS.hlsl">
      <Filter>hlsl</Filter>
    </FxCompile>
    <FxCompile Include="Shader\BloomVS.hlsl">
      <Filter>hlsl</Filter>
    </FxCompile>
    <FxCompile Include="Shader\Common.hlsl">
      <Filter>hlsl</Filter>
    </FxCompile>
    <FxCompile Include="Shader\DeferredPS.hlsl">
      <Filter>hlsl</Filter>
    </FxCompile>
    <FxCompile Include="Shader\DeferredVS.hlsl">
      <Filter>hlsl</Filter>
    </FxCompile>
    <FxCompile Include="Shader\GeometryPS.hlsl">
      <Filter>hlsl</Filter>
    </FxCompile>
    <FxCompile Include="Shader\GeometryVS.hlsl">
      <Filter>hlsl</Filter>
    </FxCompile>
    <FxCompile Include="Shader\UnlitVS.hlsl">
      <Filter>hlsl</Filter>
    </FxCompile>
    <FxCompile Include="Shader\UnlitPS.hlsl">
      <Filter>hlsl</Filter>
    </FxCompile>
    <FxCompile Include="Shader\PostEffectVS.hlsl">
      <Filter>hlsl</Filter>
    </FxCompile>
    <FxCompile Include="Shader\PostEffectPS.hlsl">
      <Filter>hlsl</Filter>
    </FxCompile>
  </ItemGroup>
  <ItemGroup>
    <ClCompile Include="Camera.cpp">
      <Filter>cpp</Filter>
    </ClCompile>
    <ClCompile Include="Field.cpp">
      <Filter>cpp</Filter>
    </ClCompile>
    <ClCompile Include="GameManager.cpp">
      <Filter>cpp</Filter>
    </ClCompile>
    <ClCompile Include="Main.cpp">
      <Filter>cpp</Filter>
    </ClCompile>
    <ClCompile Include="Model.cpp">
      <Filter>cpp</Filter>
    </ClCompile>
    <ClCompile Include="Polygon2D.cpp">
      <Filter>cpp</Filter>
    </ClCompile>
    <ClCompile Include="Polygon3D.cpp">
      <Filter>cpp</Filter>
    </ClCompile>
    <ClCompile Include="RenderManager.cpp">
      <Filter>cpp</Filter>
    </ClCompile>
    <ClCompile Include="sky.cpp">
      <Filter>cpp</Filter>
    </ClCompile>
    <ClCompile Include="TestObject.cpp">
      <Filter>cpp</Filter>
    </ClCompile>
    <ClCompile Include="ImGUI\imgui.cpp">
      <Filter>ImGUI</Filter>
    </ClCompile>
    <ClCompile Include="ImGUI\imgui_demo.cpp">
      <Filter>ImGUI</Filter>
    </ClCompile>
    <ClCompile Include="ImGUI\imgui_draw.cpp">
      <Filter>ImGUI</Filter>
    </ClCompile>
    <ClCompile Include="ImGUI\imgui_impl_dx12.cpp">
      <Filter>ImGUI</Filter>
    </ClCompile>
    <ClCompile Include="ImGUI\imgui_impl_win32.cpp">
      <Filter>ImGUI</Filter>
    </ClCompile>
    <ClCompile Include="ImGUI\imgui_widgets.cpp">
      <Filter>ImGUI</Filter>
    </ClCompile>
    <ClCompile Include="DDSTextureLoader12.cpp">
      <Filter>cpp</Filter>
    </ClCompile>
  </ItemGroup>
  <ItemGroup>
    <ClInclude Include="Camera.h">
      <Filter>h</Filter>
    </ClInclude>
    <ClInclude Include="D3DX12.h">
      <Filter>h</Filter>
    </ClInclude>
    <ClInclude Include="DDSTextureLoader12.h">
      <Filter>h</Filter>
    </ClInclude>
    <ClInclude Include="Field.h">
      <Filter>h</Filter>
    </ClInclude>
    <ClInclude Include="GameManager.h">
      <Filter>h</Filter>
    </ClInclude>
    <ClInclude Include="Main.h">
      <Filter>h</Filter>
    </ClInclude>
    <ClInclude Include="Model.h">
      <Filter>h</Filter>
    </ClInclude>
    <ClInclude Include="Polygon2D.h">
      <Filter>h</Filter>
    </ClInclude>
    <ClInclude Include="Polygon3D.h">
      <Filter>h</Filter>
    </ClInclude>
    <ClInclude Include="RenderManager.h">
      <Filter>h</Filter>
    </ClInclude>
    <ClInclude Include="sky.h">
      <Filter>h</Filter>
    </ClInclude>
    <ClInclude Include="TestObject.h">
      <Filter>h</Filter>
    </ClInclude>
    <ClInclude Include="ImGUI\imconfig.h">
      <Filter>ImGUI</Filter>
    </ClInclude>
    <ClInclude Include="ImGUI\imgui.h">
      <Filter>ImGUI</Filter>
    </ClInclude>
    <ClInclude Include="ImGUI\imgui_impl_dx12.h">
      <Filter>ImGUI</Filter>
    </ClInclude>
    <ClInclude Include="ImGUI\imgui_impl_win32.h">
      <Filter>ImGUI</Filter>
    </ClInclude>
    <ClInclude Include="ImGUI\imgui_internal.h">
      <Filter>ImGUI</Filter>
    </ClInclude>
    <ClInclude Include="ImGUI\imstb_rectpack.h">
      <Filter>ImGUI</Filter>
    </ClInclude>
    <ClInclude Include="ImGUI\imstb_textedit.h">
      <Filter>ImGUI</Filter>
    </ClInclude>
    <ClInclude Include="ImGUI\imstb_truetype.h">
      <Filter>ImGUI</Filter>
    </ClInclude>
  </ItemGroup>
  <ItemGroup>
    <Filter Include="hlsl">
      <UniqueIdentifier>{b1b9ca4e-ae00-409a-b133-13db4fe846f6}</UniqueIdentifier>
    </Filter>
    <Filter Include="cpp">
      <UniqueIdentifier>{1cd4e207-b5f8-4d22-9f61-427068e644d6}</UniqueIdentifier>
    </Filter>
    <Filter Include="h">
      <UniqueIdentifier>{8893aaec-313c-4e69-97f5-72b6a3accc92}</UniqueIdentifier>
    </Filter>
    <Filter Include="ImGUI">
      <UniqueIdentifier>{70619949-11ae-4ee3-8be3-6357c6814e4e}</UniqueIdentifier>
    </Filter>
  </ItemGroup>
</Project>